
Microsoft Visual Studio Solution File, Format Version 12.00
# Visual Studio Version 17
VisualStudioVersion = 17.0.31903.59
MinimumVisualStudioVersion = 10.0.40219.1
Project("{2150E333-8FDC-42A3-9474-1A3956D46DE8}") = "src", "src", "{BCE35716-EBE1-42E2-B2E6-BD0652D581C1}"
EndProject
Project("{FAE04EC0-301F-11D3-BF4B-00C04F79EFBC}") = "Crm", "src\Crm\Crm.csproj", "{51C0AF30-03F8-4626-94CD-67700BA3BF47}"
EndProject
Project("{FAE04EC0-301F-11D3-BF4B-00C04F79EFBC}") = "Crm.DataAccess", "src\Crm.DataAccess\Crm.DataAccess.csproj", "{C9C1EF42-B5CA-4334-85F4-46F055C918CC}"
EndProject
Project("{FAE04EC0-301F-11D3-BF4B-00C04F79EFBC}") = "Crm.BusinessLogic", "src\Crm.BusinessLogic\Crm.BusinessLogic.csproj", "{AC09A37C-6A8D-4162-8FF1-47958AC918CE}"
EndProject
Global
	GlobalSection(SolutionConfigurationPlatforms) = preSolution
		Debug|Any CPU = Debug|Any CPU
		Release|Any CPU = Release|Any CPU
	EndGlobalSection
	GlobalSection(SolutionProperties) = preSolution
		HideSolutionNode = FALSE
	EndGlobalSection
	GlobalSection(ProjectConfigurationPlatforms) = postSolution
		{51C0AF30-03F8-4626-94CD-67700BA3BF47}.Debug|Any CPU.ActiveCfg = Debug|Any CPU
		{51C0AF30-03F8-4626-94CD-67700BA3BF47}.Debug|Any CPU.Build.0 = Debug|Any CPU
		{51C0AF30-03F8-4626-94CD-67700BA3BF47}.Release|Any CPU.ActiveCfg = Release|Any CPU
		{51C0AF30-03F8-4626-94CD-67700BA3BF47}.Release|Any CPU.Build.0 = Release|Any CPU
		{C9C1EF42-B5CA-4334-85F4-46F055C918CC}.Debug|Any CPU.ActiveCfg = Debug|Any CPU
		{C9C1EF42-B5CA-4334-85F4-46F055C918CC}.Debug|Any CPU.Build.0 = Debug|Any CPU
		{C9C1EF42-B5CA-4334-85F4-46F055C918CC}.Release|Any CPU.ActiveCfg = Release|Any CPU
		{C9C1EF42-B5CA-4334-85F4-46F055C918CC}.Release|Any CPU.Build.0 = Release|Any CPU
		{AC09A37C-6A8D-4162-8FF1-47958AC918CE}.Debug|Any CPU.ActiveCfg = Debug|Any CPU
		{AC09A37C-6A8D-4162-8FF1-47958AC918CE}.Debug|Any CPU.Build.0 = Debug|Any CPU
		{AC09A37C-6A8D-4162-8FF1-47958AC918CE}.Release|Any CPU.ActiveCfg = Release|Any CPU
		{AC09A37C-6A8D-4162-8FF1-47958AC918CE}.Release|Any CPU.Build.0 = Release|Any CPU
	EndGlobalSection
	GlobalSection(NestedProjects) = preSolution
		{51C0AF30-03F8-4626-94CD-67700BA3BF47} = {BCE35716-EBE1-42E2-B2E6-BD0652D581C1}
		{C9C1EF42-B5CA-4334-85F4-46F055C918CC} = {BCE35716-EBE1-42E2-B2E6-BD0652D581C1}
		{AC09A37C-6A8D-4162-8FF1-47958AC918CE} = {BCE35716-EBE1-42E2-B2E6-BD0652D581C1}
	EndGlobalSection
EndGlobal
